<?xml version="1.0" encoding="utf-8"?>
<Project ToolsVersion="4.0" xmlns="http://schemas.microsoft.com/developer/msbuild/2003">
  <ItemGroup>
    <ClCompile Include="Source\Log.cpp">
      <Filter>Utils</Filter>
    </ClCompile>
    <ClCompile Include="Source\External\PugiXml\src\pugixml.cpp">
      <Filter>External\PugiXml</Filter>
    </ClCompile>
    <ClCompile Include="Source\Player.cpp">
      <Filter>Entities</Filter>
    </ClCompile>
    <ClCompile Include="Source\Audio.cpp">
      <Filter>Modules</Filter>
    </ClCompile>
    <ClCompile Include="Source\GuiManager.cpp">
      <Filter>Modules</Filter>
    </ClCompile>
    <ClCompile Include="Source\Input.cpp">
      <Filter>Modules</Filter>
    </ClCompile>
    <ClCompile Include="Source\Physics.cpp">
      <Filter>Modules</Filter>
    </ClCompile>
    <ClCompile Include="Source\Render.cpp">
      <Filter>Modules</Filter>
    </ClCompile>
    <ClCompile Include="Source\Textures.cpp">
      <Filter>Modules</Filter>
    </ClCompile>
    <ClCompile Include="Source\Window.cpp">
      <Filter>Modules</Filter>
    </ClCompile>
    <ClCompile Include="Source\App.cpp">
      <Filter>Main</Filter>
    </ClCompile>
    <ClCompile Include="Source\Main.cpp">
      <Filter>Main</Filter>
    </ClCompile>
    <ClCompile Include="Source\GuiControlButton.cpp">
      <Filter>GuiControls</Filter>
    </ClCompile>
    <ClCompile Include="Source\Map.cpp">
      <Filter>Modules</Filter>
    </ClCompile>
    <ClCompile Include="Source\Pathfinding.cpp">
      <Filter>Misc</Filter>
    </ClCompile>
    <ClCompile Include="Source\PerfTimer.cpp">
      <Filter>Misc</Filter>
    </ClCompile>
    <ClCompile Include="Source\Timer.cpp">
      <Filter>Misc</Filter>
    </ClCompile>
    <ClCompile Include="Source\ModuleFadeToBlack.cpp">
      <Filter>Modules</Filter>
    </ClCompile>
    <ClCompile Include="Source\Scene_Intro.cpp">
      <Filter>Scenes</Filter>
    </ClCompile>
    <ClCompile Include="Source\Scene_Menu.cpp">
      <Filter>Scenes</Filter>
    </ClCompile>
    <ClCompile Include="Source\DebugConsole.cpp">
      <Filter>Modules\DebugConsole</Filter>
    </ClCompile>
    <ClCompile Include="Source\DebugCommandBase.cpp">
      <Filter>Modules\DebugConsole</Filter>
    </ClCompile>
    <ClCompile Include="Source\DialogManager.cpp">
      <Filter>Modules\DialogManager</Filter>
    </ClCompile>
    <ClCompile Include="Source\Enemy_Osiris.cpp">
      <Filter>Entities\Enemies</Filter>
    </ClCompile>
    <ClCompile Include="Source\Enemy_Shar.cpp">
      <Filter>Entities\Enemies</Filter>
    </ClCompile>
    <ClCompile Include="Source\Enemy_Ols.cpp">
      <Filter>Entities\Enemies</Filter>
    </ClCompile>
    <ClCompile Include="Source\Menu.cpp">
      <Filter>Modules</Filter>
    </ClCompile>
    <ClCompile Include="Source\Scene_Testing.cpp">
      <Filter>Scenes</Filter>
    </ClCompile>
    <ClCompile Include="Source\DebugCommand.cpp">
      <Filter>Modules\DebugConsole</Filter>
    </ClCompile>
    <ClCompile Include="Source\GuiCheckBox.cpp">
      <Filter>GuiControls</Filter>
    </ClCompile>
    <ClCompile Include="Source\GuiControlSlider.cpp">
      <Filter>GuiControls</Filter>
    </ClCompile>
    <ClCompile Include="Source\InventoryManager.cpp">
      <Filter>Modules\Inventory</Filter>
    </ClCompile>
    <ClCompile Include="Source\EntityManager.cpp">
      <Filter>Modules</Filter>
    </ClCompile>
    <ClCompile Include="Source\NPC_Vendedor.cpp">
      <Filter>Entities\NPC</Filter>
    </ClCompile>
    <ClCompile Include="Source\NPC_Abuelo.cpp">
      <Filter>Entities\NPC</Filter>
    </ClCompile>
    <ClCompile Include="Source\NPC_Bully1.cpp">
      <Filter>Entities\NPC</Filter>
    </ClCompile>
    <ClCompile Include="Source\NPC_Bully2.cpp">
      <Filter>Entities\NPC</Filter>
    </ClCompile>
    <ClCompile Include="Source\NPC_Herrera.cpp">
      <Filter>Entities\NPC</Filter>
    </ClCompile>
    <ClCompile Include="Source\NPC_MujerEnamorada.cpp">
      <Filter>Entities\NPC</Filter>
    </ClCompile>
    <ClCompile Include="Source\NPC_MujerPreocupada.cpp">
      <Filter>Entities\NPC</Filter>
    </ClCompile>
    <ClCompile Include="Source\NPC_Pescador.cpp">
      <Filter>Entities\NPC</Filter>
    </ClCompile>
    <ClCompile Include="Source\NPC_Bruja.cpp">
      <Filter>Entities\NPC</Filter>
    </ClCompile>
    <ClCompile Include="Source\MiniGameFishing.cpp">
      <Filter>MiniGame</Filter>
    </ClCompile>
    <ClCompile Include="Source\Scene_Mazmorra0.cpp">
      <Filter>Scenes</Filter>
    </ClCompile>
    <ClCompile Include="Source\DialogTriggerEntity.cpp">
      <Filter>Entities\Meta</Filter>
    </ClCompile>
    <ClCompile Include="Source\TPEntity.cpp">
      <Filter>Entities\Meta</Filter>
    </ClCompile>
    <ClCompile Include="Source\Cuerno.cpp">
      <Filter>Entities\Items</Filter>
    </ClCompile>
    <ClCompile Include="Source\Item.cpp">
      <Filter>Entities\Items</Filter>
    </ClCompile>
    <ClCompile Include="Source\Item_Diamante.cpp">
      <Filter>Entities\Items</Filter>
    </ClCompile>
    <ClCompile Include="Source\Scene_Pueblo.cpp">
      <Filter>Scenes</Filter>
    </ClCompile>
    <ClCompile Include="Source\InventoryManager.cpp">
      <Filter>Inventory</Filter>
    </ClCompile>
  </ItemGroup>
  <ItemGroup>
    <ClInclude Include="Source\Defs.h">
      <Filter>Utils</Filter>
    </ClInclude>
    <ClInclude Include="Source\DynArray.h">
      <Filter>Utils</Filter>
    </ClInclude>
    <ClInclude Include="Source\List.h">
      <Filter>Utils</Filter>
    </ClInclude>
    <ClInclude Include="Source\Log.h">
      <Filter>Utils</Filter>
    </ClInclude>
    <ClInclude Include="Source\Point.h">
      <Filter>Utils</Filter>
    </ClInclude>
    <ClInclude Include="Source\SString.h">
      <Filter>Utils</Filter>
    </ClInclude>
    <ClInclude Include="Source\External\PugiXml\src\pugiconfig.hpp">
      <Filter>External\PugiXml</Filter>
    </ClInclude>
    <ClInclude Include="Source\External\PugiXml\src\pugixml.hpp">
      <Filter>External\PugiXml</Filter>
    </ClInclude>
    <ClInclude Include="Source\Queue.h">
      <Filter>Utils</Filter>
    </ClInclude>
    <ClInclude Include="Source\PQueue.h">
      <Filter>Utils</Filter>
    </ClInclude>
    <ClInclude Include="Source\Player.h">
      <Filter>Entities</Filter>
    </ClInclude>
    <ClInclude Include="Source\Audio.h">
      <Filter>Modules</Filter>
    </ClInclude>
    <ClInclude Include="Source\EntityManager.h">
      <Filter>Modules</Filter>
    </ClInclude>
    <ClInclude Include="Source\GuiManager.h">
      <Filter>Modules</Filter>
    </ClInclude>
    <ClInclude Include="Source\Input.h">
      <Filter>Modules</Filter>
    </ClInclude>
    <ClInclude Include="Source\Module.h">
      <Filter>Modules</Filter>
    </ClInclude>
    <ClInclude Include="Source\Physics.h">
      <Filter>Modules</Filter>
    </ClInclude>
    <ClInclude Include="Source\Render.h">
      <Filter>Modules</Filter>
    </ClInclude>
    <ClInclude Include="Source\Textures.h">
      <Filter>Modules</Filter>
    </ClInclude>
    <ClInclude Include="Source\Window.h">
      <Filter>Modules</Filter>
    </ClInclude>
    <ClInclude Include="Source\App.h">
      <Filter>Main</Filter>
    </ClInclude>
    <ClInclude Include="Source\GuiControl.h">
      <Filter>GuiControls</Filter>
    </ClInclude>
    <ClInclude Include="Source\GuiControlButton.h">
      <Filter>GuiControls</Filter>
    </ClInclude>
    <ClInclude Include="Source\Map.h">
      <Filter>Modules</Filter>
    </ClInclude>
    <ClInclude Include="Source\Pathfinding.h">
      <Filter>Misc</Filter>
    </ClInclude>
    <ClInclude Include="Source\PerfTimer.h">
      <Filter>Misc</Filter>
    </ClInclude>
    <ClInclude Include="Source\Timer.h">
      <Filter>Misc</Filter>
    </ClInclude>
    <ClInclude Include="Source\Animation.h">
      <Filter>Misc</Filter>
    </ClInclude>
    <ClInclude Include="Source\ModuleFadeToBlack.h">
      <Filter>Modules</Filter>
    </ClInclude>
    <ClInclude Include="Source\Scene_Intro.h">
      <Filter>Scenes</Filter>
    </ClInclude>
    <ClInclude Include="Source\Scene_Menu.h">
      <Filter>Scenes</Filter>
    </ClInclude>
    <ClInclude Include="Source\DebugConsole.h">
      <Filter>Modules\DebugConsole</Filter>
    </ClInclude>
    <ClInclude Include="Source\DebugCommand.h">
      <Filter>Modules\DebugConsole</Filter>
    </ClInclude>
    <ClInclude Include="Source\DebugCommandBase.h">
      <Filter>Modules\DebugConsole</Filter>
    </ClInclude>
    <ClInclude Include="Source\Dialog.h">
      <Filter>Modules\DialogManager</Filter>
    </ClInclude>
    <ClInclude Include="Source\DialogManager.h">
      <Filter>Modules\DialogManager</Filter>
    </ClInclude>
    <ClInclude Include="Source\Enemy_Osiris.h">
      <Filter>Entities\Enemies</Filter>
    </ClInclude>
    <ClInclude Include="Source\Enemy_Shar.h">
      <Filter>Entities\Enemies</Filter>
    </ClInclude>
    <ClInclude Include="Source\Enemy_Ols.h">
      <Filter>Entities\Enemies</Filter>
    </ClInclude>
    <ClInclude Include="Source\Menu.h">
      <Filter>Modules</Filter>
    </ClInclude>
    <ClInclude Include="Source\Scene_Testing.h">
      <Filter>Scenes</Filter>
    </ClInclude>
    <ClInclude Include="Source\GuiCheckBox.h">
      <Filter>GuiControls</Filter>
    </ClInclude>
    <ClInclude Include="Source\GuiControlSlider.h">
      <Filter>GuiControls</Filter>
    </ClInclude>
    <ClInclude Include="Source\ArmaduraInv.h">
      <Filter>Modules\Inventory</Filter>
    </ClInclude>
    <ClInclude Include="Source\inventity.h">
      <Filter>Modules\Inventory</Filter>
    </ClInclude>
    <ClInclude Include="Source\InventoryManager.h">
      <Filter>Modules\Inventory</Filter>
    </ClInclude>
    <ClInclude Include="Source\ItemInv.h">
      <Filter>Modules\Inventory</Filter>
    </ClInclude>
    <ClInclude Include="Source\SwordInv.h">
      <Filter>Modules\Inventory</Filter>
    </ClInclude>
    <ClInclude Include="Source\CuernoInv.h">
      <Filter>Modules\Inventory</Filter>
    </ClInclude>
    <ClInclude Include="Source\NPC_Vendedor.h">
      <Filter>Entities\NPC</Filter>
    </ClInclude>
    <ClInclude Include="Source\NPC_Abuelo.h">
      <Filter>Entities\NPC</Filter>
    </ClInclude>
    <ClInclude Include="Source\NPC_Bruja.h">
      <Filter>Entities\NPC</Filter>
    </ClInclude>
    <ClInclude Include="Source\NPC_Bully1.h">
      <Filter>Entities\NPC</Filter>
    </ClInclude>
    <ClInclude Include="Source\NPC_Bully2.h">
      <Filter>Entities\NPC</Filter>
    </ClInclude>
    <ClInclude Include="Source\NPC_Herrera.h">
      <Filter>Entities\NPC</Filter>
    </ClInclude>
    <ClInclude Include="Source\NPC_MujerEnamorada.h">
      <Filter>Entities\NPC</Filter>
    </ClInclude>
    <ClInclude Include="Source\NPC_MujerPreocupada.h">
      <Filter>Entities\NPC</Filter>
    </ClInclude>
    <ClInclude Include="Source\NPC_Pescador.h">
      <Filter>Entities\NPC</Filter>
    </ClInclude>
    <ClInclude Include="Source\Fishing.h">
      <Filter>MiniGame</Filter>
    </ClInclude>
    <ClInclude Include="Source\MiniGameFishing.h">
      <Filter>MiniGame</Filter>
    </ClInclude>
    <ClInclude Include="Source\Scene_Mazmorra0.h">
      <Filter>Scenes</Filter>
    </ClInclude>
    <ClInclude Include="Source\DialogTriggerEntity.h">
      <Filter>Entities\Meta</Filter>
    </ClInclude>
    <ClInclude Include="Source\TPEntity.h">
      <Filter>Entities\Meta</Filter>
    </ClInclude>
    <ClInclude Include="Source\Cuerno.h">
      <Filter>Entities\Items</Filter>
    </ClInclude>
    <ClInclude Include="Source\Entity.h">
      <Filter>Entities\Items</Filter>
    </ClInclude>
    <ClInclude Include="Source\Item.h">
      <Filter>Entities\Items</Filter>
    </ClInclude>
    <ClInclude Include="Source\Item_Diamante.h">
      <Filter>Entities\Items</Filter>
    </ClInclude>
    <ClInclude Include="Source\DiamanteInv.h">
      <Filter>Modules\Inventory</Filter>
    </ClInclude>
    <ClInclude Include="Source\Scene_Pueblo.h">
      <Filter>Scenes</Filter>
    </ClInclude>
  </ItemGroup>
  <ItemGroup>
    <Filter Include="External">
      <UniqueIdentifier>{83a966c7-b4bb-4eff-9c2c-3ff3c7b55a60}</UniqueIdentifier>
    </Filter>
    <Filter Include="Utils">
      <UniqueIdentifier>{2cad778a-d356-48b0-9fee-587f1bbb187e}</UniqueIdentifier>
    </Filter>
    <Filter Include="External\PugiXml">
      <UniqueIdentifier>{2855ff7f-53a1-413d-a75b-18b4ade921dd}</UniqueIdentifier>
    </Filter>
    <Filter Include="Entities">
      <UniqueIdentifier>{5351f782-0123-434b-a12c-12cec34accdf}</UniqueIdentifier>
    </Filter>
    <Filter Include="Modules">
      <UniqueIdentifier>{fc1ec4a8-72e4-4289-855a-f1297f29bb9a}</UniqueIdentifier>
    </Filter>
    <Filter Include="Main">
      <UniqueIdentifier>{e76b0ded-4bea-4933-85ba-73a295381b23}</UniqueIdentifier>
    </Filter>
    <Filter Include="GuiControls">
      <UniqueIdentifier>{0f47acb0-5890-4224-bbf0-c692f9690a80}</UniqueIdentifier>
    </Filter>
    <Filter Include="Scenes">
      <UniqueIdentifier>{d5ea5cb5-3b0e-4d6c-a5e8-6a921b81ecde}</UniqueIdentifier>
    </Filter>
    <Filter Include="Misc">
      <UniqueIdentifier>{0241fa05-e3f0-4875-aa87-88fd7ad7c539}</UniqueIdentifier>
    </Filter>
    <Filter Include="Modules\DebugConsole">
      <UniqueIdentifier>{bd5d50b1-1ea9-44d2-adc5-64a9763b8a5f}</UniqueIdentifier>
    </Filter>
    <Filter Include="Modules\DialogManager">
      <UniqueIdentifier>{a6230b6a-8a0c-4c0b-9fe4-d741e275cf31}</UniqueIdentifier>
    </Filter>
    <Filter Include="Entities\Enemies">
      <UniqueIdentifier>{767205a1-f550-4feb-8631-a7a22f02b007}</UniqueIdentifier>
    </Filter>
    <Filter Include="Entities\NPC">
      <UniqueIdentifier>{2142dd33-81d1-45e5-9822-3a15956c346a}</UniqueIdentifier>
    </Filter>
    <Filter Include="MiniGame">
      <UniqueIdentifier>{dc0edb71-7353-4634-b94c-b47ded8115ea}</UniqueIdentifier>
    </Filter>
    <Filter Include="Entities\Meta">
      <UniqueIdentifier>{e785cbf2-9afb-41aa-85bf-59da29eacc99}</UniqueIdentifier>
    </Filter>
    <Filter Include="Entities\Items">
      <UniqueIdentifier>{6f0d7545-e388-4aa2-9e49-5f0d23ee4f41}</UniqueIdentifier>
    </Filter>
    <Filter Include="Modules\Inventory">
      <UniqueIdentifier>{e25e82e0-d2c5-414e-ab44-ad5e3f6f1c77}</UniqueIdentifier>
    </Filter>
  </ItemGroup>
  <ItemGroup>
    <Xml Include="..\Output\config.xml" />
    <Xml Include="..\Output\dialogs.xml" />
    <Xml Include="..\Output\save_game.xml" />
  </ItemGroup>
</Project>